PODS:
  - IrohaCrypto (0.1.0):
    - IrohaCrypto/IrohaCryptoImp (= 0.1.0)
  - IrohaCrypto/IrohaCryptoImp (0.1.0)

DEPENDENCIES:
  - IrohaCrypto (from `../`)

EXTERNAL SOURCES:
  IrohaCrypto:
    :path: "../"

SPEC CHECKSUMS:
  IrohaCrypto: f13ff349eb50b2a110455df44e0ca4a3f4a42c95

PODFILE CHECKSUM: 1f02d9992a3e79c930a6596abe01adbaedf06130

COCOAPODS: 1.5.3
