PODS:
  - IrohaCrypto (0.4.0):
    - IrohaCrypto/BIP39 (= 0.4.0)
    - IrohaCrypto/Common (= 0.4.0)
    - IrohaCrypto/Iroha (= 0.4.0)
    - IrohaCrypto/Scrypt (= 0.4.0)
    - IrohaCrypto/sr25519 (= 0.4.0)
  - IrohaCrypto/BIP39 (0.4.0):
    - IrohaCrypto/Common
  - IrohaCrypto/Common (0.4.0)
  - IrohaCrypto/Iroha (0.4.0):
    - IrohaCrypto/Common
  - IrohaCrypto/Scrypt (0.4.0):
    - IrohaCrypto/Common
    - scrypt.c (~> 0.1)
  - IrohaCrypto/sr25519 (0.4.0):
    - IrohaCrypto/BIP39
    - IrohaCrypto/Common
  - scrypt.c (0.1.1)

DEPENDENCIES:
  - IrohaCrypto (from `../`)

SPEC REPOS:
  trunk:
    - scrypt.c

EXTERNAL SOURCES:
  IrohaCrypto:
    :path: "../"

SPEC CHECKSUMS:
  IrohaCrypto: 08f58b7dd4e6e4f713cdc343f79c824689c01172
  scrypt.c: b42ae06183251329d2b2c620c226fb541a4a3592

PODFILE CHECKSUM: 7c88a9c3e8c2ba8a6649ec901cc50f1d233623d9

COCOAPODS: 1.9.1
