PODS:
  - IrohaCrypto (0.5.0):
    - IrohaCrypto/BIP39 (= 0.5.0)
    - IrohaCrypto/blake2 (= 0.5.0)
    - IrohaCrypto/Common (= 0.5.0)
    - IrohaCrypto/Iroha (= 0.5.0)
    - IrohaCrypto/Scrypt (= 0.5.0)
    - IrohaCrypto/secp256k1 (= 0.5.0)
    - IrohaCrypto/sr25519 (= 0.5.0)
  - IrohaCrypto/BIP39 (0.5.0):
    - IrohaCrypto/Common
  - IrohaCrypto/blake2 (0.5.0)
  - IrohaCrypto/Common (0.5.0)
  - IrohaCrypto/Iroha (0.5.0):
    - IrohaCrypto/Common
  - IrohaCrypto/Scrypt (0.5.0):
    - IrohaCrypto/Common
    - scrypt.c (~> 0.1)
  - IrohaCrypto/secp256k1 (0.5.0):
    - IrohaCrypto/Common
  - IrohaCrypto/sr25519 (0.5.0):
    - IrohaCrypto/BIP39
    - IrohaCrypto/blake2
    - IrohaCrypto/Common
  - scrypt.c (0.1.1)

DEPENDENCIES:
  - IrohaCrypto (from `../`)

SPEC REPOS:
  trunk:
    - scrypt.c

EXTERNAL SOURCES:
  IrohaCrypto:
    :path: "../"

SPEC CHECKSUMS:
  IrohaCrypto: 3412ce4e5f03c51e3968d8d24dc35b2fd4c48ab3
  scrypt.c: b42ae06183251329d2b2c620c226fb541a4a3592

PODFILE CHECKSUM: 090cdf3e5819729438de794e136ffaa6b24d3abc

COCOAPODS: 1.9.3
