// !$*UTF8*$!
{
	archiveVersion = 1;
	classes = {
	};
	objectVersion = 51;
	objects = {

/* Begin PBXBuildFile section */
		02920380219DBB6E00D9BACD /* IRMnemonicCreatorTests.m in Sources */ = {isa = PBXBuildFile; fileRef = 0292037F219DBB6E00D9BACD /* IRMnemonicCreatorTests.m */; };
		0292040421A09FA200D9BACD /* IRScryptSeedTests.m in Sources */ = {isa = PBXBuildFile; fileRef = 0292040321A09FA200D9BACD /* IRScryptSeedTests.m */; };
		02C85055217F679800C6A4E7 /* IRIrohaKeyFactoryTests.m in Sources */ = {isa = PBXBuildFile; fileRef = 02C85051217F679800C6A4E7 /* IRIrohaKeyFactoryTests.m */; };
		02C85056217F679800C6A4E7 /* IRHashTests.m in Sources */ = {isa = PBXBuildFile; fileRef = 02C85052217F679800C6A4E7 /* IRHashTests.m */; };
		02C85057217F679800C6A4E7 /* IRIrohaSignatureTests.m in Sources */ = {isa = PBXBuildFile; fileRef = 02C85054217F679800C6A4E7 /* IRIrohaSignatureTests.m */; };
		02C85059217F687B00C6A4E7 /* IRHexTests.m in Sources */ = {isa = PBXBuildFile; fileRef = 02C85058217F687B00C6A4E7 /* IRHexTests.m */; };
		02D61B8B21771F400047F7E7 /* AppDelegate.swift in Sources */ = {isa = PBXBuildFile; fileRef = 02D61B8A21771F400047F7E7 /* AppDelegate.swift */; };
		02D61B8D21771F400047F7E7 /* ViewController.swift in Sources */ = {isa = PBXBuildFile; fileRef = 02D61B8C21771F400047F7E7 /* ViewController.swift */; };
		02D61B9021771F400047F7E7 /* Main.storyboard in Resources */ = {isa = PBXBuildFile; fileRef = 02D61B8E21771F400047F7E7 /* Main.storyboard */; };
		02D61B9221771F410047F7E7 /* Assets.xcassets in Resources */ = {isa = PBXBuildFile; fileRef = 02D61B9121771F410047F7E7 /* Assets.xcassets */; };
		02D61B9521771F410047F7E7 /* LaunchScreen.storyboard in Resources */ = {isa = PBXBuildFile; fileRef = 02D61B9321771F410047F7E7 /* LaunchScreen.storyboard */; };
		2817CE7C97D0674382F2272E /* Pods_IrohaCrypto_IrohaCryptoExample.framework in Frameworks */ = {isa = PBXBuildFile; fileRef = 6A1810515BA7920095CDACE4 /* Pods_IrohaCrypto_IrohaCryptoExample.framework */; };
		6F7044DF1A60C3DDFF699738 /* Pods_IrohaCrypto_IrohaCryptoTests.framework in Frameworks */ = {isa = PBXBuildFile; fileRef = C86A7B671D6593C871CD90E3 /* Pods_IrohaCrypto_IrohaCryptoTests.framework */; };
		841F1B352407D3520018E14D /* bip39vectors.json in Resources */ = {isa = PBXBuildFile; fileRef = 841F1B332407D3520018E14D /* bip39vectors.json */; };
		841F1B362407D3520018E14D /* IRBIP39SeedTests.m in Sources */ = {isa = PBXBuildFile; fileRef = 841F1B342407D3520018E14D /* IRBIP39SeedTests.m */; };
		841F1B392407D37A0018E14D /* IRBIP39TestData.m in Sources */ = {isa = PBXBuildFile; fileRef = 841F1B382407D37A0018E14D /* IRBIP39TestData.m */; };
		841F1B3C2407D4830018E14D /* IRBIP39TestData+Load.m in Sources */ = {isa = PBXBuildFile; fileRef = 841F1B3B2407D4830018E14D /* IRBIP39TestData+Load.m */; };
		842D1E5724CB707B00C30A7A /* Blake2sTests.m in Sources */ = {isa = PBXBuildFile; fileRef = 842D1E5524CB707B00C30A7A /* Blake2sTests.m */; };
		842D1E5A24CB850200C30A7A /* Secp256k1KeypairTests.m in Sources */ = {isa = PBXBuildFile; fileRef = 842D1E5924CB850200C30A7A /* Secp256k1KeypairTests.m */; };
		842D1E5C24CB851D00C30A7A /* Secp256k1SigningTests.m in Sources */ = {isa = PBXBuildFile; fileRef = 842D1E5B24CB851D00C30A7A /* Secp256k1SigningTests.m */; };
		842D1E5F24CD7DDE00C30A7A /* EDSignatureTests.m in Sources */ = {isa = PBXBuildFile; fileRef = 842D1E5E24CD7DDE00C30A7A /* EDSignatureTests.m */; };
		842D1E6224CD89AA00C30A7A /* EDKeypairFactoryTests.m in Sources */ = {isa = PBXBuildFile; fileRef = 842D1E6124CD89AA00C30A7A /* EDKeypairFactoryTests.m */; };
		843C49D624DD369600B71DDA /* SNPrivateKeyTests.m in Sources */ = {isa = PBXBuildFile; fileRef = 843C49D524DD369600B71DDA /* SNPrivateKeyTests.m */; };
		8490138924A60F23008F705E /* substrateTestVectors.json in Resources */ = {isa = PBXBuildFile; fileRef = 8490138824A60F23008F705E /* substrateTestVectors.json */; };
		8490139324A62340008F705E /* SNBIP39SeedTests.m in Sources */ = {isa = PBXBuildFile; fileRef = 8490139124A62340008F705E /* SNBIP39SeedTests.m */; };
		8490139424A62340008F705E /* SNKeyFactoryTests.m in Sources */ = {isa = PBXBuildFile; fileRef = 8490139224A62340008F705E /* SNKeyFactoryTests.m */; };
		8490139824A6434A008F705E /* kusamaPubkeyTestVectors.json in Resources */ = {isa = PBXBuildFile; fileRef = 8490139724A6434A008F705E /* kusamaPubkeyTestVectors.json */; };
		8490139B24A644E8008F705E /* SNAccountTestData.m in Sources */ = {isa = PBXBuildFile; fileRef = 8490139A24A644E8008F705E /* SNAccountTestData.m */; };
		8490139E24A645CB008F705E /* SNAccountTestData+Load.m in Sources */ = {isa = PBXBuildFile; fileRef = 8490139D24A645CB008F705E /* SNAccountTestData+Load.m */; };
		8490153424AC846E008F705E /* base58test.json in Resources */ = {isa = PBXBuildFile; fileRef = 8490153324AC846E008F705E /* base58test.json */; };
		8490153624AC84A6008F705E /* IRBase58Tests.m in Sources */ = {isa = PBXBuildFile; fileRef = 8490153524AC84A6008F705E /* IRBase58Tests.m */; };
		8490153924AC855F008F705E /* IRBase58TestData.m in Sources */ = {isa = PBXBuildFile; fileRef = 8490153824AC855F008F705E /* IRBase58TestData.m */; };
		8490153C24AC8609008F705E /* IRBase58TestData+Load.m in Sources */ = {isa = PBXBuildFile; fileRef = 8490153B24AC8609008F705E /* IRBase58TestData+Load.m */; };
		8490154924ACB360008F705E /* SS58AddressFactoryTests.m in Sources */ = {isa = PBXBuildFile; fileRef = 8490154824ACB360008F705E /* SS58AddressFactoryTests.m */; };
/* End PBXBuildFile section */

/* Begin PBXFileReference section */
		0292037F219DBB6E00D9BACD /* IRMnemonicCreatorTests.m */ = {isa = PBXFileReference; lastKnownFileType = sourcecode.c.objc; path = IRMnemonicCreatorTests.m; sourceTree = "<group>"; };
		0292040321A09FA200D9BACD /* IRScryptSeedTests.m */ = {isa = PBXFileReference; lastKnownFileType = sourcecode.c.objc; path = IRScryptSeedTests.m; sourceTree = "<group>"; };
		02C85049217F678200C6A4E7 /* IrohaCryptoTests.xctest */ = {isa = PBXFileReference; explicitFileType = wrapper.cfbundle; includeInIndex = 0; path = IrohaCryptoTests.xctest; sourceTree = BUILT_PRODUCTS_DIR; };
		02C8504D217F678200C6A4E7 /* Info.plist */ = {isa = PBXFileReference; lastKnownFileType = text.plist.xml; path = Info.plist; sourceTree = "<group>"; };
		02C85051217F679800C6A4E7 /* IRIrohaKeyFactoryTests.m */ = {isa = PBXFileReference; fileEncoding = 4; lastKnownFileType = sourcecode.c.objc; path = IRIrohaKeyFactoryTests.m; sourceTree = "<group>"; };
		02C85052217F679800C6A4E7 /* IRHashTests.m */ = {isa = PBXFileReference; fileEncoding = 4; lastKnownFileType = sourcecode.c.objc; path = IRHashTests.m; sourceTree = "<group>"; };
		02C85053217F679800C6A4E7 /* Constants.h */ = {isa = PBXFileReference; fileEncoding = 4; lastKnownFileType = sourcecode.c.h; name = Constants.h; path = ../../Tests/Constants.h; sourceTree = "<group>"; };
		02C85054217F679800C6A4E7 /* IRIrohaSignatureTests.m */ = {isa = PBXFileReference; fileEncoding = 4; lastKnownFileType = sourcecode.c.objc; path = IRIrohaSignatureTests.m; sourceTree = "<group>"; };
		02C85058217F687B00C6A4E7 /* IRHexTests.m */ = {isa = PBXFileReference; lastKnownFileType = sourcecode.c.objc; path = IRHexTests.m; sourceTree = "<group>"; };
		02D61B8721771F400047F7E7 /* IrohaCryptoExample.app */ = {isa = PBXFileReference; explicitFileType = wrapper.application; includeInIndex = 0; path = IrohaCryptoExample.app; sourceTree = BUILT_PRODUCTS_DIR; };
		02D61B8A21771F400047F7E7 /* AppDelegate.swift */ = {isa = PBXFileReference; lastKnownFileType = sourcecode.swift; path = AppDelegate.swift; sourceTree = "<group>"; };
		02D61B8C21771F400047F7E7 /* ViewController.swift */ = {isa = PBXFileReference; lastKnownFileType = sourcecode.swift; path = ViewController.swift; sourceTree = "<group>"; };
		02D61B8F21771F400047F7E7 /* Base */ = {isa = PBXFileReference; lastKnownFileType = file.storyboard; name = Base; path = Base.lproj/Main.storyboard; sourceTree = "<group>"; };
		02D61B9121771F410047F7E7 /* Assets.xcassets */ = {isa = PBXFileReference; lastKnownFileType = folder.assetcatalog; path = Assets.xcassets; sourceTree = "<group>"; };
		02D61B9421771F410047F7E7 /* Base */ = {isa = PBXFileReference; lastKnownFileType = file.storyboard; name = Base; path = Base.lproj/LaunchScreen.storyboard; sourceTree = "<group>"; };
		02D61B9621771F410047F7E7 /* Info.plist */ = {isa = PBXFileReference; lastKnownFileType = text.plist.xml; path = Info.plist; sourceTree = "<group>"; };
		6587131F84355F24ED7B61AF /* Pods-IrohaCrypto-IrohaCryptoExample.debug.xcconfig */ = {isa = PBXFileReference; includeInIndex = 1; lastKnownFileType = text.xcconfig; name = "Pods-IrohaCrypto-IrohaCryptoExample.debug.xcconfig"; path = "Pods/Target Support Files/Pods-IrohaCrypto-IrohaCryptoExample/Pods-IrohaCrypto-IrohaCryptoExample.debug.xcconfig"; sourceTree = "<group>"; };
		6A1810515BA7920095CDACE4 /* Pods_IrohaCrypto_IrohaCryptoExample.framework */ = {isa = PBXFileReference; explicitFileType = wrapper.framework; includeInIndex = 0; path = Pods_IrohaCrypto_IrohaCryptoExample.framework; sourceTree = BUILT_PRODUCTS_DIR; };
		770555D80415B52BE18A4088 /* Pods-IrohaCrypto-IrohaCryptoExample.release.xcconfig */ = {isa = PBXFileReference; includeInIndex = 1; lastKnownFileType = text.xcconfig; name = "Pods-IrohaCrypto-IrohaCryptoExample.release.xcconfig"; path = "Pods/Target Support Files/Pods-IrohaCrypto-IrohaCryptoExample/Pods-IrohaCrypto-IrohaCryptoExample.release.xcconfig"; sourceTree = "<group>"; };
		841F1B332407D3520018E14D /* bip39vectors.json */ = {isa = PBXFileReference; fileEncoding = 4; lastKnownFileType = text.json; path = bip39vectors.json; sourceTree = "<group>"; };
		841F1B342407D3520018E14D /* IRBIP39SeedTests.m */ = {isa = PBXFileReference; fileEncoding = 4; lastKnownFileType = sourcecode.c.objc; path = IRBIP39SeedTests.m; sourceTree = "<group>"; };
		841F1B372407D37A0018E14D /* IRBIP39TestData.h */ = {isa = PBXFileReference; lastKnownFileType = sourcecode.c.h; path = IRBIP39TestData.h; sourceTree = "<group>"; };
		841F1B382407D37A0018E14D /* IRBIP39TestData.m */ = {isa = PBXFileReference; lastKnownFileType = sourcecode.c.objc; path = IRBIP39TestData.m; sourceTree = "<group>"; };
		841F1B3A2407D4830018E14D /* IRBIP39TestData+Load.h */ = {isa = PBXFileReference; lastKnownFileType = sourcecode.c.h; path = "IRBIP39TestData+Load.h"; sourceTree = "<group>"; };
		841F1B3B2407D4830018E14D /* IRBIP39TestData+Load.m */ = {isa = PBXFileReference; lastKnownFileType = sourcecode.c.objc; path = "IRBIP39TestData+Load.m"; sourceTree = "<group>"; };
		842D1E5524CB707B00C30A7A /* Blake2sTests.m */ = {isa = PBXFileReference; fileEncoding = 4; lastKnownFileType = sourcecode.c.objc; path = Blake2sTests.m; sourceTree = "<group>"; };
		842D1E5924CB850200C30A7A /* Secp256k1KeypairTests.m */ = {isa = PBXFileReference; fileEncoding = 4; lastKnownFileType = sourcecode.c.objc; path = Secp256k1KeypairTests.m; sourceTree = "<group>"; };
		842D1E5B24CB851D00C30A7A /* Secp256k1SigningTests.m */ = {isa = PBXFileReference; lastKnownFileType = sourcecode.c.objc; path = Secp256k1SigningTests.m; sourceTree = "<group>"; };
		842D1E5E24CD7DDE00C30A7A /* EDSignatureTests.m */ = {isa = PBXFileReference; lastKnownFileType = sourcecode.c.objc; path = EDSignatureTests.m; sourceTree = "<group>"; };
		842D1E6024CD830100C30A7A /* EDTestConstants.h */ = {isa = PBXFileReference; lastKnownFileType = sourcecode.c.h; path = EDTestConstants.h; sourceTree = "<group>"; };
		842D1E6124CD89AA00C30A7A /* EDKeypairFactoryTests.m */ = {isa = PBXFileReference; lastKnownFileType = sourcecode.c.objc; path = EDKeypairFactoryTests.m; sourceTree = "<group>"; };
		843C49D524DD369600B71DDA /* SNPrivateKeyTests.m */ = {isa = PBXFileReference; lastKnownFileType = sourcecode.c.objc; path = SNPrivateKeyTests.m; sourceTree = "<group>"; };
		8490138824A60F23008F705E /* substrateTestVectors.json */ = {isa = PBXFileReference; lastKnownFileType = text.json; path = substrateTestVectors.json; sourceTree = "<group>"; };
		8490139124A62340008F705E /* SNBIP39SeedTests.m */ = {isa = PBXFileReference; fileEncoding = 4; lastKnownFileType = sourcecode.c.objc; path = SNBIP39SeedTests.m; sourceTree = "<group>"; };
		8490139224A62340008F705E /* SNKeyFactoryTests.m */ = {isa = PBXFileReference; fileEncoding = 4; lastKnownFileType = sourcecode.c.objc; path = SNKeyFactoryTests.m; sourceTree = "<group>"; };
		8490139724A6434A008F705E /* kusamaPubkeyTestVectors.json */ = {isa = PBXFileReference; lastKnownFileType = text.json; path = kusamaPubkeyTestVectors.json; sourceTree = "<group>"; };
		8490139924A644E8008F705E /* SNAccountTestData.h */ = {isa = PBXFileReference; lastKnownFileType = sourcecode.c.h; path = SNAccountTestData.h; sourceTree = "<group>"; };
		8490139A24A644E8008F705E /* SNAccountTestData.m */ = {isa = PBXFileReference; lastKnownFileType = sourcecode.c.objc; path = SNAccountTestData.m; sourceTree = "<group>"; };
		8490139C24A645CB008F705E /* SNAccountTestData+Load.h */ = {isa = PBXFileReference; lastKnownFileType = sourcecode.c.h; path = "SNAccountTestData+Load.h"; sourceTree = "<group>"; };
		8490139D24A645CB008F705E /* SNAccountTestData+Load.m */ = {isa = PBXFileReference; lastKnownFileType = sourcecode.c.objc; path = "SNAccountTestData+Load.m"; sourceTree = "<group>"; };
		8490153324AC846E008F705E /* base58test.json */ = {isa = PBXFileReference; lastKnownFileType = text.json; path = base58test.json; sourceTree = "<group>"; };
		8490153524AC84A6008F705E /* IRBase58Tests.m */ = {isa = PBXFileReference; lastKnownFileType = sourcecode.c.objc; path = IRBase58Tests.m; sourceTree = "<group>"; };
		8490153724AC855F008F705E /* IRBase58TestData.h */ = {isa = PBXFileReference; lastKnownFileType = sourcecode.c.h; path = IRBase58TestData.h; sourceTree = "<group>"; };
		8490153824AC855F008F705E /* IRBase58TestData.m */ = {isa = PBXFileReference; lastKnownFileType = sourcecode.c.objc; path = IRBase58TestData.m; sourceTree = "<group>"; };
		8490153A24AC8609008F705E /* IRBase58TestData+Load.h */ = {isa = PBXFileReference; lastKnownFileType = sourcecode.c.h; path = "IRBase58TestData+Load.h"; sourceTree = "<group>"; };
		8490153B24AC8609008F705E /* IRBase58TestData+Load.m */ = {isa = PBXFileReference; lastKnownFileType = sourcecode.c.objc; path = "IRBase58TestData+Load.m"; sourceTree = "<group>"; };
		8490154824ACB360008F705E /* SS58AddressFactoryTests.m */ = {isa = PBXFileReference; lastKnownFileType = sourcecode.c.objc; path = SS58AddressFactoryTests.m; sourceTree = "<group>"; };
		C86A7B671D6593C871CD90E3 /* Pods_IrohaCrypto_IrohaCryptoTests.framework */ = {isa = PBXFileReference; explicitFileType = wrapper.framework; includeInIndex = 0; path = Pods_IrohaCrypto_IrohaCryptoTests.framework; sourceTree = BUILT_PRODUCTS_DIR; };
		DDFBE092955D311B59246789 /* Pods-IrohaCrypto-IrohaCryptoTests.release.xcconfig */ = {isa = PBXFileReference; includeInIndex = 1; lastKnownFileType = text.xcconfig; name = "Pods-IrohaCrypto-IrohaCryptoTests.release.xcconfig"; path = "Pods/Target Support Files/Pods-IrohaCrypto-IrohaCryptoTests/Pods-IrohaCrypto-IrohaCryptoTests.release.xcconfig"; sourceTree = "<group>"; };
		F9891E598602CB1FE1A23F9A /* Pods-IrohaCrypto-IrohaCryptoTests.debug.xcconfig */ = {isa = PBXFileReference; includeInIndex = 1; lastKnownFileType = text.xcconfig; name = "Pods-IrohaCrypto-IrohaCryptoTests.debug.xcconfig"; path = "Pods/Target Support Files/Pods-IrohaCrypto-IrohaCryptoTests/Pods-IrohaCrypto-IrohaCryptoTests.debug.xcconfig"; sourceTree = "<group>"; };
/* End PBXFileReference section */

/* Begin PBXFrameworksBuildPhase section */
		02C85046217F678200C6A4E7 /* Frameworks */ = {
			isa = PBXFrameworksBuildPhase;
			buildActionMask = 2147483647;
			files = (
				6F7044DF1A60C3DDFF699738 /* Pods_IrohaCrypto_IrohaCryptoTests.framework in Frameworks */,
			);
			runOnlyForDeploymentPostprocessing = 0;
		};
		02D61B8421771F400047F7E7 /* Frameworks */ = {
			isa = PBXFrameworksBuildPhase;
			buildActionMask = 2147483647;
			files = (
				2817CE7C97D0674382F2272E /* Pods_IrohaCrypto_IrohaCryptoExample.framework in Frameworks */,
			);
			runOnlyForDeploymentPostprocessing = 0;
		};
/* End PBXFrameworksBuildPhase section */

/* Begin PBXGroup section */
		02C8504A217F678200C6A4E7 /* IrohaCryptoTests */ = {
			isa = PBXGroup;
			children = (
				842D1E5D24CD7D4100C30A7A /* ed25519 */,
				842D1E5824CB850200C30A7A /* secp256k1 */,
				842D1E5424CB707B00C30A7A /* Blake2s */,
				8490139024A62340008F705E /* SR25519 */,
				84C0A4FB24096A4E0097D9AB /* Common */,
				84C0A4FA24096A4E0097D9AB /* Iroha */,
				84C0A4FC24096A4E0097D9AB /* Scrypt */,
				841F1B322407D3520018E14D /* BIP39 */,
				02C85053217F679800C6A4E7 /* Constants.h */,
				02C8504D217F678200C6A4E7 /* Info.plist */,
			);
			path = IrohaCryptoTests;
			sourceTree = "<group>";
		};
		02D61B7E21771F400047F7E7 = {
			isa = PBXGroup;
			children = (
				02D61B8921771F400047F7E7 /* IrohaCryptoExample */,
				02C8504A217F678200C6A4E7 /* IrohaCryptoTests */,
				02D61B8821771F400047F7E7 /* Products */,
				A4A2791F64DCB0B0F177BA70 /* Pods */,
				2366EB11F31186109FC36B42 /* Frameworks */,
			);
			sourceTree = "<group>";
		};
		02D61B8821771F400047F7E7 /* Products */ = {
			isa = PBXGroup;
			children = (
				02D61B8721771F400047F7E7 /* IrohaCryptoExample.app */,
				02C85049217F678200C6A4E7 /* IrohaCryptoTests.xctest */,
			);
			name = Products;
			sourceTree = "<group>";
		};
		02D61B8921771F400047F7E7 /* IrohaCryptoExample */ = {
			isa = PBXGroup;
			children = (
				02D61B8A21771F400047F7E7 /* AppDelegate.swift */,
				02D61B8C21771F400047F7E7 /* ViewController.swift */,
				02D61B8E21771F400047F7E7 /* Main.storyboard */,
				02D61B9121771F410047F7E7 /* Assets.xcassets */,
				02D61B9321771F410047F7E7 /* LaunchScreen.storyboard */,
				02D61B9621771F410047F7E7 /* Info.plist */,
			);
			path = IrohaCryptoExample;
			sourceTree = "<group>";
		};
		2366EB11F31186109FC36B42 /* Frameworks */ = {
			isa = PBXGroup;
			children = (
				6A1810515BA7920095CDACE4 /* Pods_IrohaCrypto_IrohaCryptoExample.framework */,
				C86A7B671D6593C871CD90E3 /* Pods_IrohaCrypto_IrohaCryptoTests.framework */,
			);
			name = Frameworks;
			sourceTree = "<group>";
		};
		841F1B322407D3520018E14D /* BIP39 */ = {
			isa = PBXGroup;
			children = (
				841F1B332407D3520018E14D /* bip39vectors.json */,
				841F1B342407D3520018E14D /* IRBIP39SeedTests.m */,
				841F1B372407D37A0018E14D /* IRBIP39TestData.h */,
				841F1B382407D37A0018E14D /* IRBIP39TestData.m */,
				841F1B3A2407D4830018E14D /* IRBIP39TestData+Load.h */,
				841F1B3B2407D4830018E14D /* IRBIP39TestData+Load.m */,
			);
			name = BIP39;
			path = ../../Tests/BIP39;
			sourceTree = "<group>";
		};
		842D1E5424CB707B00C30A7A /* Blake2s */ = {
			isa = PBXGroup;
			children = (
				842D1E5524CB707B00C30A7A /* Blake2sTests.m */,
			);
			name = Blake2s;
			path = ../../Tests/Blake2s;
			sourceTree = "<group>";
		};
		842D1E5824CB850200C30A7A /* secp256k1 */ = {
			isa = PBXGroup;
			children = (
				842D1E5924CB850200C30A7A /* Secp256k1KeypairTests.m */,
				842D1E5B24CB851D00C30A7A /* Secp256k1SigningTests.m */,
			);
			name = secp256k1;
			path = ../../Tests/secp256k1;
			sourceTree = "<group>";
		};
		842D1E5D24CD7D4100C30A7A /* ed25519 */ = {
			isa = PBXGroup;
			children = (
				842D1E5E24CD7DDE00C30A7A /* EDSignatureTests.m */,
				842D1E6024CD830100C30A7A /* EDTestConstants.h */,
				842D1E6124CD89AA00C30A7A /* EDKeypairFactoryTests.m */,
			);
			path = ed25519;
			sourceTree = "<group>";
		};
		8490139024A62340008F705E /* SR25519 */ = {
			isa = PBXGroup;
			children = (
				8490139124A62340008F705E /* SNBIP39SeedTests.m */,
				8490139224A62340008F705E /* SNKeyFactoryTests.m */,
				8490138824A60F23008F705E /* substrateTestVectors.json */,
				8490139724A6434A008F705E /* kusamaPubkeyTestVectors.json */,
				8490139924A644E8008F705E /* SNAccountTestData.h */,
				8490139A24A644E8008F705E /* SNAccountTestData.m */,
				8490139C24A645CB008F705E /* SNAccountTestData+Load.h */,
				8490139D24A645CB008F705E /* SNAccountTestData+Load.m */,
				8490154824ACB360008F705E /* SS58AddressFactoryTests.m */,
				843C49D524DD369600B71DDA /* SNPrivateKeyTests.m */,
			);
			name = SR25519;
			path = ../../Tests/SR25519;
			sourceTree = "<group>";
		};
		84C0A4FA24096A4E0097D9AB /* Iroha */ = {
			isa = PBXGroup;
			children = (
				02C85051217F679800C6A4E7 /* IRIrohaKeyFactoryTests.m */,
				02C85054217F679800C6A4E7 /* IRIrohaSignatureTests.m */,
			);
			name = Iroha;
			path = ../../Tests/Iroha;
			sourceTree = "<group>";
		};
		84C0A4FB24096A4E0097D9AB /* Common */ = {
			isa = PBXGroup;
			children = (
				02C85052217F679800C6A4E7 /* IRHashTests.m */,
				02C85058217F687B00C6A4E7 /* IRHexTests.m */,
				0292037F219DBB6E00D9BACD /* IRMnemonicCreatorTests.m */,
				8490153524AC84A6008F705E /* IRBase58Tests.m */,
				8490153324AC846E008F705E /* base58test.json */,
				8490153724AC855F008F705E /* IRBase58TestData.h */,
				8490153824AC855F008F705E /* IRBase58TestData.m */,
				8490153A24AC8609008F705E /* IRBase58TestData+Load.h */,
				8490153B24AC8609008F705E /* IRBase58TestData+Load.m */,
			);
			name = Common;
			path = ../../Tests/Common;
			sourceTree = "<group>";
		};
		84C0A4FC24096A4E0097D9AB /* Scrypt */ = {
			isa = PBXGroup;
			children = (
				0292040321A09FA200D9BACD /* IRScryptSeedTests.m */,
			);
			name = Scrypt;
			path = ../../Tests/Scrypt;
			sourceTree = "<group>";
		};
		A4A2791F64DCB0B0F177BA70 /* Pods */ = {
			isa = PBXGroup;
			children = (
				6587131F84355F24ED7B61AF /* Pods-IrohaCrypto-IrohaCryptoExample.debug.xcconfig */,
				770555D80415B52BE18A4088 /* Pods-IrohaCrypto-IrohaCryptoExample.release.xcconfig */,
				F9891E598602CB1FE1A23F9A /* Pods-IrohaCrypto-IrohaCryptoTests.debug.xcconfig */,
				DDFBE092955D311B59246789 /* Pods-IrohaCrypto-IrohaCryptoTests.release.xcconfig */,
			);
			name = Pods;
			sourceTree = "<group>";
		};
/* End PBXGroup section */

/* Begin PBXNativeTarget section */
		02C85048217F678200C6A4E7 /* IrohaCryptoTests */ = {
			isa = PBXNativeTarget;
			buildConfigurationList = 02C85050217F678200C6A4E7 /* Build configuration list for PBXNativeTarget "IrohaCryptoTests" */;
			buildPhases = (
				CAA4612A10DD54229F31AF77 /* [CP] Check Pods Manifest.lock */,
				02C85045217F678200C6A4E7 /* Sources */,
				02C85046217F678200C6A4E7 /* Frameworks */,
				02C85047217F678200C6A4E7 /* Resources */,
				E01C011FAF678CE25820A61E /* [CP] Embed Pods Frameworks */,
			);
			buildRules = (
			);
			dependencies = (
			);
			name = IrohaCryptoTests;
			productName = IrohaCryptoExampleTests;
			productReference = 02C85049217F678200C6A4E7 /* IrohaCryptoTests.xctest */;
			productType = "com.apple.product-type.bundle.unit-test";
		};
		02D61B8621771F400047F7E7 /* IrohaCryptoExample */ = {
			isa = PBXNativeTarget;
			buildConfigurationList = 02D61B9921771F410047F7E7 /* Build configuration list for PBXNativeTarget "IrohaCryptoExample" */;
			buildPhases = (
				C27991EA549C0CD3DE9EB02F /* [CP] Check Pods Manifest.lock */,
				02D61B8321771F400047F7E7 /* Sources */,
				02D61B8421771F400047F7E7 /* Frameworks */,
				02D61B8521771F400047F7E7 /* Resources */,
				F58ED3BAF114DD4D1D756E93 /* [CP] Embed Pods Frameworks */,
			);
			buildRules = (
			);
			dependencies = (
			);
			name = IrohaCryptoExample;
			productName = IrohaCryptoExample;
			productReference = 02D61B8721771F400047F7E7 /* IrohaCryptoExample.app */;
			productType = "com.apple.product-type.application";
		};
/* End PBXNativeTarget section */

/* Begin PBXProject section */
		02D61B7F21771F400047F7E7 /* Project object */ = {
			isa = PBXProject;
			attributes = {
				LastSwiftUpdateCheck = 1000;
				LastUpgradeCheck = 1000;
				ORGANIZATIONNAME = "Ruslan Rezin";
				TargetAttributes = {
					02C85048217F678200C6A4E7 = {
						CreatedOnToolsVersion = 10.0;
					};
					02D61B8621771F400047F7E7 = {
						CreatedOnToolsVersion = 10.0;
						LastSwiftMigration = 1020;
					};
				};
			};
			buildConfigurationList = 02D61B8221771F400047F7E7 /* Build configuration list for PBXProject "IrohaCryptoExample" */;
			compatibilityVersion = "Xcode 9.3";
			developmentRegion = en;
			hasScannedForEncodings = 0;
			knownRegions = (
				en,
				Base,
			);
			mainGroup = 02D61B7E21771F400047F7E7;
			productRefGroup = 02D61B8821771F400047F7E7 /* Products */;
			projectDirPath = "";
			projectRoot = "";
			targets = (
				02D61B8621771F400047F7E7 /* IrohaCryptoExample */,
				02C85048217F678200C6A4E7 /* IrohaCryptoTests */,
			);
		};
/* End PBXProject section */

/* Begin PBXResourcesBuildPhase section */
		02C85047217F678200C6A4E7 /* Resources */ = {
			isa = PBXResourcesBuildPhase;
			buildActionMask = 2147483647;
			files = (
				8490138924A60F23008F705E /* substrateTestVectors.json in Resources */,
				841F1B352407D3520018E14D /* bip39vectors.json in Resources */,
				8490139824A6434A008F705E /* kusamaPubkeyTestVectors.json in Resources */,
				8490153424AC846E008F705E /* base58test.json in Resources */,
			);
			runOnlyForDeploymentPostprocessing = 0;
		};
		02D61B8521771F400047F7E7 /* Resources */ = {
			isa = PBXResourcesBuildPhase;
			buildActionMask = 2147483647;
			files = (
				02D61B9521771F410047F7E7 /* LaunchScreen.storyboard in Resources */,
				02D61B9221771F410047F7E7 /* Assets.xcassets in Resources */,
				02D61B9021771F400047F7E7 /* Main.storyboard in Resources */,
			);
			runOnlyForDeploymentPostprocessing = 0;
		};
/* End PBXResourcesBuildPhase section */

/* Begin PBXShellScriptBuildPhase section */
		C27991EA549C0CD3DE9EB02F /* [CP] Check Pods Manifest.lock */ = {
			isa = PBXShellScriptBuildPhase;
			buildActionMask = 2147483647;
			files = (
			);
			inputFileListPaths = (
			);
			inputPaths = (
				"${PODS_PODFILE_DIR_PATH}/Podfile.lock",
				"${PODS_ROOT}/Manifest.lock",
			);
			name = "[CP] Check Pods Manifest.lock";
			outputFileListPaths = (
			);
			outputPaths = (
				"$(DERIVED_FILE_DIR)/Pods-IrohaCrypto-IrohaCryptoExample-checkManifestLockResult.txt",
			);
			runOnlyForDeploymentPostprocessing = 0;
			shellPath = /bin/sh;
			shellScript = "diff \"${PODS_PODFILE_DIR_PATH}/Podfile.lock\" \"${PODS_ROOT}/Manifest.lock\" > /dev/null\nif [ $? != 0 ] ; then\n    # print error to STDERR\n    echo \"error: The sandbox is not in sync with the Podfile.lock. Run 'pod install' or update your CocoaPods installation.\" >&2\n    exit 1\nfi\n# This output is used by Xcode 'outputs' to avoid re-running this script phase.\necho \"SUCCESS\" > \"${SCRIPT_OUTPUT_FILE_0}\"\n";
			showEnvVarsInLog = 0;
		};
		CAA4612A10DD54229F31AF77 /* [CP] Check Pods Manifest.lock */ = {
			isa = PBXShellScriptBuildPhase;
			buildActionMask = 2147483647;
			files = (
			);
			inputFileListPaths = (
			);
			inputPaths = (
				"${PODS_PODFILE_DIR_PATH}/Podfile.lock",
				"${PODS_ROOT}/Manifest.lock",
			);
			name = "[CP] Check Pods Manifest.lock";
			outputFileListPaths = (
			);
			outputPaths = (
				"$(DERIVED_FILE_DIR)/Pods-IrohaCrypto-IrohaCryptoTests-checkManifestLockResult.txt",
			);
			runOnlyForDeploymentPostprocessing = 0;
			shellPath = /bin/sh;
			shellScript = "diff \"${PODS_PODFILE_DIR_PATH}/Podfile.lock\" \"${PODS_ROOT}/Manifest.lock\" > /dev/null\nif [ $? != 0 ] ; then\n    # print error to STDERR\n    echo \"error: The sandbox is not in sync with the Podfile.lock. Run 'pod install' or update your CocoaPods installation.\" >&2\n    exit 1\nfi\n# This output is used by Xcode 'outputs' to avoid re-running this script phase.\necho \"SUCCESS\" > \"${SCRIPT_OUTPUT_FILE_0}\"\n";
			showEnvVarsInLog = 0;
		};
		E01C011FAF678CE25820A61E /* [CP] Embed Pods Frameworks */ = {
			isa = PBXShellScriptBuildPhase;
			buildActionMask = 2147483647;
			files = (
			);
			inputFileListPaths = (
				"${PODS_ROOT}/Target Support Files/Pods-IrohaCrypto-IrohaCryptoTests/Pods-IrohaCrypto-IrohaCryptoTests-frameworks-${CONFIGURATION}-input-files.xcfilelist",
			);
			name = "[CP] Embed Pods Frameworks";
			outputFileListPaths = (
				"${PODS_ROOT}/Target Support Files/Pods-IrohaCrypto-IrohaCryptoTests/Pods-IrohaCrypto-IrohaCryptoTests-frameworks-${CONFIGURATION}-output-files.xcfilelist",
			);
			runOnlyForDeploymentPostprocessing = 0;
			shellPath = /bin/sh;
			shellScript = "\"${PODS_ROOT}/Target Support Files/Pods-IrohaCrypto-IrohaCryptoTests/Pods-IrohaCrypto-IrohaCryptoTests-frameworks.sh\"\n";
			showEnvVarsInLog = 0;
		};
		F58ED3BAF114DD4D1D756E93 /* [CP] Embed Pods Frameworks */ = {
			isa = PBXShellScriptBuildPhase;
			buildActionMask = 2147483647;
			files = (
			);
			inputFileListPaths = (
				"${PODS_ROOT}/Target Support Files/Pods-IrohaCrypto-IrohaCryptoExample/Pods-IrohaCrypto-IrohaCryptoExample-frameworks-${CONFIGURATION}-input-files.xcfilelist",
			);
			name = "[CP] Embed Pods Frameworks";
			outputFileListPaths = (
				"${PODS_ROOT}/Target Support Files/Pods-IrohaCrypto-IrohaCryptoExample/Pods-IrohaCrypto-IrohaCryptoExample-frameworks-${CONFIGURATION}-output-files.xcfilelist",
			);
			runOnlyForDeploymentPostprocessing = 0;
			shellPath = /bin/sh;
			shellScript = "\"${PODS_ROOT}/Target Support Files/Pods-IrohaCrypto-IrohaCryptoExample/Pods-IrohaCrypto-IrohaCryptoExample-frameworks.sh\"\n";
			showEnvVarsInLog = 0;
		};
/* End PBXShellScriptBuildPhase section */

/* Begin PBXSourcesBuildPhase section */
		02C85045217F678200C6A4E7 /* Sources */ = {
			isa = PBXSourcesBuildPhase;
			buildActionMask = 2147483647;
			files = (
				8490154924ACB360008F705E /* SS58AddressFactoryTests.m in Sources */,
				841F1B392407D37A0018E14D /* IRBIP39TestData.m in Sources */,
				0292040421A09FA200D9BACD /* IRScryptSeedTests.m in Sources */,
				02920380219DBB6E00D9BACD /* IRMnemonicCreatorTests.m in Sources */,
				8490139424A62340008F705E /* SNKeyFactoryTests.m in Sources */,
				8490153924AC855F008F705E /* IRBase58TestData.m in Sources */,
				8490139324A62340008F705E /* SNBIP39SeedTests.m in Sources */,
				842D1E6224CD89AA00C30A7A /* EDKeypairFactoryTests.m in Sources */,
				8490139E24A645CB008F705E /* SNAccountTestData+Load.m in Sources */,
				842D1E5C24CB851D00C30A7A /* Secp256k1SigningTests.m in Sources */,
				841F1B362407D3520018E14D /* IRBIP39SeedTests.m in Sources */,
				842D1E5F24CD7DDE00C30A7A /* EDSignatureTests.m in Sources */,
				842D1E5A24CB850200C30A7A /* Secp256k1KeypairTests.m in Sources */,
				02C85056217F679800C6A4E7 /* IRHashTests.m in Sources */,
				02C85055217F679800C6A4E7 /* IRIrohaKeyFactoryTests.m in Sources */,
				8490153C24AC8609008F705E /* IRBase58TestData+Load.m in Sources */,
				02C85059217F687B00C6A4E7 /* IRHexTests.m in Sources */,
				8490153624AC84A6008F705E /* IRBase58Tests.m in Sources */,
				841F1B3C2407D4830018E14D /* IRBIP39TestData+Load.m in Sources */,
				842D1E5724CB707B00C30A7A /* Blake2sTests.m in Sources */,
				8490139B24A644E8008F705E /* SNAccountTestData.m in Sources */,
				843C49D624DD369600B71DDA /* SNPrivateKeyTests.m in Sources */,
				02C85057217F679800C6A4E7 /* IRIrohaSignatureTests.m in Sources */,
			);
			runOnlyForDeploymentPostprocessing = 0;
		};
		02D61B8321771F400047F7E7 /* Sources */ = {
			isa = PBXSourcesBuildPhase;
			buildActionMask = 2147483647;
			files = (
				02D61B8D21771F400047F7E7 /* ViewController.swift in Sources */,
				02D61B8B21771F400047F7E7 /* AppDelegate.swift in Sources */,
			);
			runOnlyForDeploymentPostprocessing = 0;
		};
/* End PBXSourcesBuildPhase section */

/* Begin PBXVariantGroup section */
		02D61B8E21771F400047F7E7 /* Main.storyboard */ = {
			isa = PBXVariantGroup;
			children = (
				02D61B8F21771F400047F7E7 /* Base */,
			);
			name = Main.storyboard;
			sourceTree = "<group>";
		};
		02D61B9321771F410047F7E7 /* LaunchScreen.storyboard */ = {
			isa = PBXVariantGroup;
			children = (
				02D61B9421771F410047F7E7 /* Base */,
			);
			name = LaunchScreen.storyboard;
			sourceTree = "<group>";
		};
/* End PBXVariantGroup section */

/* Begin XCBuildConfiguration section */
		02C8504E217F678200C6A4E7 /* Debug */ = {
			isa = XCBuildConfiguration;
			baseConfigurationReference = F9891E598602CB1FE1A23F9A /* Pods-IrohaCrypto-IrohaCryptoTests.debug.xcconfig */;
			buildSettings = {
				CODE_SIGN_STYLE = Automatic;
				DEVELOPMENT_TEAM = ANAULAA354;
				INFOPLIST_FILE = IrohaCryptoTests/Info.plist;
				IPHONEOS_DEPLOYMENT_TARGET = 9.0;
				LD_RUNPATH_SEARCH_PATHS = (
					"$(inherited)",
					"@executable_path/Frameworks",
					"@loader_path/Frameworks",
				);
				PRODUCT_BUNDLE_IDENTIFIER = co.jp.soramitsu.IrohaCryptoTests;
				PRODUCT_NAME = "$(TARGET_NAME)";
				TARGETED_DEVICE_FAMILY = "1,2";
			};
			name = Debug;
		};
		02C8504F217F678200C6A4E7 /* Release */ = {
			isa = XCBuildConfiguration;
			baseConfigurationReference = DDFBE092955D311B59246789 /* Pods-IrohaCrypto-IrohaCryptoTests.release.xcconfig */;
			buildSettings = {
				CODE_SIGN_STYLE = Automatic;
				DEVELOPMENT_TEAM = ANAULAA354;
				INFOPLIST_FILE = IrohaCryptoTests/Info.plist;
				IPHONEOS_DEPLOYMENT_TARGET = 9.0;
				LD_RUNPATH_SEARCH_PATHS = (
					"$(inherited)",
					"@executable_path/Frameworks",
					"@loader_path/Frameworks",
				);
				PRODUCT_BUNDLE_IDENTIFIER = co.jp.soramitsu.IrohaCryptoTests;
				PRODUCT_NAME = "$(TARGET_NAME)";
				TARGETED_DEVICE_FAMILY = "1,2";
			};
			name = Release;
		};
		02D61B9721771F410047F7E7 /* Debug */ = {
			isa = XCBuildConfiguration;
			buildSettings = {
				ALWAYS_SEARCH_USER_PATHS = NO;
				CLANG_ANALYZER_NONNULL = YES;
				CLANG_ANALYZER_NUMBER_OBJECT_CONVERSION = YES_AGGRESSIVE;
				CLANG_CXX_LANGUAGE_STANDARD = "gnu++14";
				CLANG_CXX_LIBRARY = "libc++";
				CLANG_ENABLE_MODULES = YES;
				CLANG_ENABLE_OBJC_ARC = YES;
				CLANG_ENABLE_OBJC_WEAK = YES;
				CLANG_WARN_BLOCK_CAPTURE_AUTORELEASING = YES;
				CLANG_WARN_BOOL_CONVERSION = YES;
				CLANG_WARN_COMMA = YES;
				CLANG_WARN_CONSTANT_CONVERSION = YES;
				CLANG_WARN_DEPRECATED_OBJC_IMPLEMENTATIONS = YES;
				CLANG_WARN_DIRECT_OBJC_ISA_USAGE = YES_ERROR;
				CLANG_WARN_DOCUMENTATION_COMMENTS = YES;
				CLANG_WARN_EMPTY_BODY = YES;
				CLANG_WARN_ENUM_CONVERSION = YES;
				CLANG_WARN_INFINITE_RECURSION = YES;
				CLANG_WARN_INT_CONVERSION = YES;
				CLANG_WARN_NON_LITERAL_NULL_CONVERSION = YES;
				CLANG_WARN_OBJC_IMPLICIT_RETAIN_SELF = YES;
				CLANG_WARN_OBJC_LITERAL_CONVERSION = YES;
				CLANG_WARN_OBJC_ROOT_CLASS = YES_ERROR;
				CLANG_WARN_RANGE_LOOP_ANALYSIS = YES;
				CLANG_WARN_STRICT_PROTOTYPES = YES;
				CLANG_WARN_SUSPICIOUS_MOVE = YES;
				CLANG_WARN_UNGUARDED_AVAILABILITY = YES_AGGRESSIVE;
				CLANG_WARN_UNREACHABLE_CODE = YES;
				CLANG_WARN__DUPLICATE_METHOD_MATCH = YES;
				CODE_SIGN_IDENTITY = "iPhone Developer";
				COPY_PHASE_STRIP = NO;
				DEBUG_INFORMATION_FORMAT = dwarf;
				ENABLE_STRICT_OBJC_MSGSEND = YES;
				ENABLE_TESTABILITY = YES;
				GCC_C_LANGUAGE_STANDARD = gnu11;
				GCC_DYNAMIC_NO_PIC = NO;
				GCC_NO_COMMON_BLOCKS = YES;
				GCC_OPTIMIZATION_LEVEL = 0;
				GCC_PREPROCESSOR_DEFINITIONS = (
					"DEBUG=1",
					"$(inherited)",
				);
				GCC_WARN_64_TO_32_BIT_CONVERSION = YES;
				GCC_WARN_ABOUT_RETURN_TYPE = YES_ERROR;
				GCC_WARN_UNDECLARED_SELECTOR = YES;
				GCC_WARN_UNINITIALIZED_AUTOS = YES_AGGRESSIVE;
				GCC_WARN_UNUSED_FUNCTION = YES;
				GCC_WARN_UNUSED_VARIABLE = YES;
				IPHONEOS_DEPLOYMENT_TARGET = 12.0;
				MTL_ENABLE_DEBUG_INFO = INCLUDE_SOURCE;
				MTL_FAST_MATH = YES;
				ONLY_ACTIVE_ARCH = YES;
				SDKROOT = iphoneos;
				SWIFT_ACTIVE_COMPILATION_CONDITIONS = DEBUG;
				SWIFT_OPTIMIZATION_LEVEL = "-Onone";
			};
			name = Debug;
		};
		02D61B9821771F410047F7E7 /* Release */ = {
			isa = XCBuildConfiguration;
			buildSettings = {
				ALWAYS_SEARCH_USER_PATHS = NO;
				CLANG_ANALYZER_NONNULL = YES;
				CLANG_ANALYZER_NUMBER_OBJECT_CONVERSION = YES_AGGRESSIVE;
				CLANG_CXX_LANGUAGE_STANDARD = "gnu++14";
				CLANG_CXX_LIBRARY = "libc++";
				CLANG_ENABLE_MODULES = YES;
				CLANG_ENABLE_OBJC_ARC = YES;
				CLANG_ENABLE_OBJC_WEAK = YES;
				CLANG_WARN_BLOCK_CAPTURE_AUTORELEASING = YES;
				CLANG_WARN_BOOL_CONVERSION = YES;
				CLANG_WARN_COMMA = YES;
				CLANG_WARN_CONSTANT_CONVERSION = YES;
				CLANG_WARN_DEPRECATED_OBJC_IMPLEMENTATIONS = YES;
				CLANG_WARN_DIRECT_OBJC_ISA_USAGE = YES_ERROR;
				CLANG_WARN_DOCUMENTATION_COMMENTS = YES;
				CLANG_WARN_EMPTY_BODY = YES;
				CLANG_WARN_ENUM_CONVERSION = YES;
				CLANG_WARN_INFINITE_RECURSION = YES;
				CLANG_WARN_INT_CONVERSION = YES;
				CLANG_WARN_NON_LITERAL_NULL_CONVERSION = YES;
				CLANG_WARN_OBJC_IMPLICIT_RETAIN_SELF = YES;
				CLANG_WARN_OBJC_LITERAL_CONVERSION = YES;
				CLANG_WARN_OBJC_ROOT_CLASS = YES_ERROR;
				CLANG_WARN_RANGE_LOOP_ANALYSIS = YES;
				CLANG_WARN_STRICT_PROTOTYPES = YES;
				CLANG_WARN_SUSPICIOUS_MOVE = YES;
				CLANG_WARN_UNGUARDED_AVAILABILITY = YES_AGGRESSIVE;
				CLANG_WARN_UNREACHABLE_CODE = YES;
				CLANG_WARN__DUPLICATE_METHOD_MATCH = YES;
				CODE_SIGN_IDENTITY = "iPhone Developer";
				COPY_PHASE_STRIP = NO;
				DEBUG_INFORMATION_FORMAT = "dwarf-with-dsym";
				ENABLE_NS_ASSERTIONS = NO;
				ENABLE_STRICT_OBJC_MSGSEND = YES;
				GCC_C_LANGUAGE_STANDARD = gnu11;
				GCC_NO_COMMON_BLOCKS = YES;
				GCC_WARN_64_TO_32_BIT_CONVERSION = YES;
				GCC_WARN_ABOUT_RETURN_TYPE = YES_ERROR;
				GCC_WARN_UNDECLARED_SELECTOR = YES;
				GCC_WARN_UNINITIALIZED_AUTOS = YES_AGGRESSIVE;
				GCC_WARN_UNUSED_FUNCTION = YES;
				GCC_WARN_UNUSED_VARIABLE = YES;
				IPHONEOS_DEPLOYMENT_TARGET = 12.0;
				MTL_ENABLE_DEBUG_INFO = NO;
				MTL_FAST_MATH = YES;
				SDKROOT = iphoneos;
				SWIFT_COMPILATION_MODE = wholemodule;
				SWIFT_OPTIMIZATION_LEVEL = "-O";
				VALIDATE_PRODUCT = YES;
			};
			name = Release;
		};
		02D61B9A21771F410047F7E7 /* Debug */ = {
			isa = XCBuildConfiguration;
			baseConfigurationReference = 6587131F84355F24ED7B61AF /* Pods-IrohaCrypto-IrohaCryptoExample.debug.xcconfig */;
			buildSettings = {
				ASSETCATALOG_COMPILER_APPICON_NAME = AppIcon;
				CODE_SIGN_STYLE = Automatic;
				DEVELOPMENT_TEAM = ANAULAA354;
				HEADER_SEARCH_PATHS = "$(inherited)";
				INFOPLIST_FILE = IrohaCryptoExample/Info.plist;
				IPHONEOS_DEPLOYMENT_TARGET = 9.0;
				LD_RUNPATH_SEARCH_PATHS = (
					"$(inherited)",
					"@executable_path/Frameworks",
				);
				PRODUCT_BUNDLE_IDENTIFIER = com.soramitsu.IrohaCryptoExample;
				PRODUCT_NAME = "$(TARGET_NAME)";
				SWIFT_VERSION = 5.0;
				TARGETED_DEVICE_FAMILY = "1,2";
			};
			name = Debug;
		};
		02D61B9B21771F410047F7E7 /* Release */ = {
			isa = XCBuildConfiguration;
			baseConfigurationReference = 770555D80415B52BE18A4088 /* Pods-IrohaCrypto-IrohaCryptoExample.release.xcconfig */;
			buildSettings = {
				ASSETCATALOG_COMPILER_APPICON_NAME = AppIcon;
				CODE_SIGN_STYLE = Automatic;
				DEVELOPMENT_TEAM = ANAULAA354;
				HEADER_SEARCH_PATHS = "$(inherited)";
				INFOPLIST_FILE = IrohaCryptoExample/Info.plist;
				IPHONEOS_DEPLOYMENT_TARGET = 9.0;
				LD_RUNPATH_SEARCH_PATHS = (
					"$(inherited)",
					"@executable_path/Frameworks",
				);
				PRODUCT_BUNDLE_IDENTIFIER = com.soramitsu.IrohaCryptoExample;
				PRODUCT_NAME = "$(TARGET_NAME)";
				SWIFT_VERSION = 5.0;
				TARGETED_DEVICE_FAMILY = "1,2";
			};
			name = Release;
		};
/* End XCBuildConfiguration section */

/* Begin XCConfigurationList section */
		02C85050217F678200C6A4E7 /* Build configuration list for PBXNativeTarget "IrohaCryptoTests" */ = {
			isa = XCConfigurationList;
			buildConfigurations = (
				02C8504E217F678200C6A4E7 /* Debug */,
				02C8504F217F678200C6A4E7 /* Release */,
			);
			defaultConfigurationIsVisible = 0;
			defaultConfigurationName = Release;
		};
		02D61B8221771F400047F7E7 /* Build configuration list for PBXProject "IrohaCryptoExample" */ = {
			isa = XCConfigurationList;
			buildConfigurations = (
				02D61B9721771F410047F7E7 /* Debug */,
				02D61B9821771F410047F7E7 /* Release */,
			);
			defaultConfigurationIsVisible = 0;
			defaultConfigurationName = Release;
		};
		02D61B9921771F410047F7E7 /* Build configuration list for PBXNativeTarget "IrohaCryptoExample" */ = {
			isa = XCConfigurationList;
			buildConfigurations = (
				02D61B9A21771F410047F7E7 /* Debug */,
				02D61B9B21771F410047F7E7 /* Release */,
			);
			defaultConfigurationIsVisible = 0;
			defaultConfigurationName = Release;
		};
/* End XCConfigurationList section */
	};
	rootObject = 02D61B7F21771F400047F7E7 /* Project object */;
}
